
Microsoft Visual Studio Solution File, Format Version 11.00
# Visual Studio 2010
Project("{159641D6-6404-4A2A-AE62-294DE0FE8301}") = "ODS_M3", "ODS_M3_ETL\ODS_M3.dtproj", "{89E53508-CDCD-401F-9E35-AD18AC400802}"
EndProject
Global
	GlobalSection(TeamFoundationVersionControl) = preSolution
		SccNumberOfProjects = 2
		SccEnterpriseProvider = {4CA58AB2-18FA-4F8D-95D4-32DDF27D184C}
		SccTeamFoundationServer = http://tfsapp1:8080/tfs/defaultcollection
		SccLocalPath0 = .
		SccProjectUniqueName1 = ODS_M3_ETL\\ODS_M3.dtproj
		SccProjectName1 = ODS_M3_ETL
		SccLocalPath1 = ODS_M3_ETL
	EndGlobalSection
	GlobalSection(SolutionConfigurationPlatforms) = preSolution
		Development|Default = Development|Default
	EndGlobalSection
	GlobalSection(ProjectConfigurationPlatforms) = postSolution
		{89E53508-CDCD-401F-9E35-AD18AC400802}.Development|Default.ActiveCfg = Development
		{89E53508-CDCD-401F-9E35-AD18AC400802}.Development|Default.Build.0 = Development
	EndGlobalSection
	GlobalSection(SolutionProperties) = preSolution
		HideSolutionNode = FALSE
	EndGlobalSection
EndGlobal
