
Microsoft Visual Studio Solution File, Format Version 12.00
# Visual Studio 14
VisualStudioVersion = 14.0.25420.1
MinimumVisualStudioVersion = 10.0.40219.1
Project("{159641D6-6404-4A2A-AE62-294DE0FE8301}") = "TestSSIS", "TestSSIS\TestSSIS.dtproj", "{4C4CC024-1B9A-4133-BE68-5D25F3EBDDAF}"
EndProject
Global
	GlobalSection(SolutionConfigurationPlatforms) = preSolution
		Development|Default = Development|Default
	EndGlobalSection
	GlobalSection(ProjectConfigurationPlatforms) = postSolution
		{4C4CC024-1B9A-4133-BE68-5D25F3EBDDAF}.Development|Default.ActiveCfg = Development
		{4C4CC024-1B9A-4133-BE68-5D25F3EBDDAF}.Development|Default.Build.0 = Development
	EndGlobalSection
	GlobalSection(SolutionProperties) = preSolution
		HideSolutionNode = FALSE
	EndGlobalSection
EndGlobal
