
Microsoft Visual Studio Solution File, Format Version 12.00
# Visual Studio 14
VisualStudioVersion = 14.0.25420.1
MinimumVisualStudioVersion = 10.0.40219.1
Project("{159641D6-6404-4A2A-AE62-294DE0FE8301}") = "ODS_FOM", "ODS_FOM\ODS_FOM.dtproj", "{2437FCF2-204D-4404-9A9C-5E4802C79ECC}"
EndProject
Global
	GlobalSection(SolutionConfigurationPlatforms) = preSolution
		Development|Default = Development|Default
	EndGlobalSection
	GlobalSection(ProjectConfigurationPlatforms) = postSolution
		{2437FCF2-204D-4404-9A9C-5E4802C79ECC}.Development|Default.ActiveCfg = Development
		{2437FCF2-204D-4404-9A9C-5E4802C79ECC}.Development|Default.Build.0 = Development
	EndGlobalSection
	GlobalSection(SolutionProperties) = preSolution
		HideSolutionNode = FALSE
	EndGlobalSection
	GlobalSection(TeamFoundationVersionControl) = preSolution
		SccNumberOfProjects = 1
		SccEnterpriseProvider = {4CA58AB2-18FA-4F8D-95D4-32DDF27D184C}
		SccTeamFoundationServer = http://tfsapp1:8080/tfs/defaultcollection
		SccLocalPath0 = .
	EndGlobalSection
EndGlobal
